
Microsoft Visual Studio Solution File, Format Version 12.00
# Visual Studio Version 16
VisualStudioVersion = 16.0.30011.22
MinimumVisualStudioVersion = 10.0.40219.1
Project("{FAE04EC0-301F-11D3-BF4B-00C04F79EFBC}") = "DrugCheckingCrawler", "DrugCheckingCrawler\DrugCheckingCrawler.csproj", "{E06CBB04-9ABD-41CE-8C3B-40BA5CD4AAFE}"
EndProject
Global
	GlobalSection(SolutionConfigurationPlatforms) = preSolution
		Debug|Any CPU = Debug|Any CPU
		Release|Any CPU = Release|Any CPU
	EndGlobalSection
	GlobalSection(ProjectConfigurationPlatforms) = postSolution
		{E06CBB04-9ABD-41CE-8C3B-40BA5CD4AAFE}.Debug|Any CPU.ActiveCfg = Debug|Any CPU
		{E06CBB04-9ABD-41CE-8C3B-40BA5CD4AAFE}.Debug|Any CPU.Build.0 = Debug|Any CPU
		{E06CBB04-9ABD-41CE-8C3B-40BA5CD4AAFE}.Release|Any CPU.ActiveCfg = Release|Any CPU
		{E06CBB04-9ABD-41CE-8C3B-40BA5CD4AAFE}.Release|Any CPU.Build.0 = Release|Any CPU
	EndGlobalSection
	GlobalSection(SolutionProperties) = preSolution
		HideSolutionNode = FALSE
	EndGlobalSection
	GlobalSection(ExtensibilityGlobals) = postSolution
		SolutionGuid = {F9C7C28B-A86D-40DE-8AA2-2DB67CFAFA3A}
	EndGlobalSection
EndGlobal
