
Microsoft Visual Studio Solution File, Format Version 12.00
# Visual Studio Version 16
VisualStudioVersion = 16.0.30011.22
MinimumVisualStudioVersion = 10.0.40219.1
Project("{2150E333-8FDC-42A3-9474-1A3956D46DE8}") = "Clients", "Clients", "{04069B47-637A-48DA-9694-A804A0AA47A0}"
EndProject
Project("{2150E333-8FDC-42A3-9474-1A3956D46DE8}") = "Solution Items", "Solution Items", "{2CBA385E-4821-4922-8999-8ECA1053339F}"
	ProjectSection(SolutionItems) = preProject
		.editorconfig = .editorconfig
	EndProjectSection
EndProject
Project("{9A19103F-16F7-4668-BE54-9A1E7A4F7556}") = "Utilities", "Utilities\Utilities.csproj", "{31ED0645-2D29-4FCF-A79A-66324951ECD6}"
EndProject
Project("{9A19103F-16F7-4668-BE54-9A1E7A4F7556}") = "Clients.Shared", "Clients\Clients.Shared\Clients.Shared.csproj", "{880ACD2D-28E8-4D1F-923A-D4813E81CD57}"
EndProject
Project("{9A19103F-16F7-4668-BE54-9A1E7A4F7556}") = "MobileInterface", "Clients\MobileInterface\MobileInterface.csproj", "{48FB25C9-6320-4A7A-85B5-682091379F4D}"
EndProject
Project("{FAE04EC0-301F-11D3-BF4B-00C04F79EFBC}") = "MobileInterface.Android", "Clients\MobileInterface.Android\MobileInterface.Android.csproj", "{07BB5B6F-1FD9-49A2-A56C-AE0B93DFE446}"
EndProject
Project("{FAE04EC0-301F-11D3-BF4B-00C04F79EFBC}") = "MobileInterface.iOS", "Clients\MobileInterface.iOS\MobileInterface.iOS.csproj", "{E2773287-C7B6-4B41-B331-820FBF9EA461}"
EndProject
Project("{9A19103F-16F7-4668-BE54-9A1E7A4F7556}") = "WebInterface", "Clients\WebInterface\WebInterface.csproj", "{80AE06D2-02DF-4089-A6D1-584228F50B0F}"
EndProject
Project("{2150E333-8FDC-42A3-9474-1A3956D46DE8}") = "BackEnd", "BackEnd", "{B71CEC80-4BBC-4CCC-810C-D872F13EA853}"
EndProject
Project("{9A19103F-16F7-4668-BE54-9A1E7A4F7556}") = "Bootstrapper.Interface", "Bootstrapper.Interface\Bootstrapper.Interface.csproj", "{866B2276-E2B5-4852-8A3A-40C6B1170914}"
EndProject
Project("{9A19103F-16F7-4668-BE54-9A1E7A4F7556}") = "Bootstrapper", "Bootstrapper\Bootstrapper.csproj", "{50A6A25A-1457-40D5-B579-BE713E09A1D1}"
EndProject
Project("{9A19103F-16F7-4668-BE54-9A1E7A4F7556}") = "DatabaseInteraction", "BackEnd\DatabaseInteraction\DatabaseInteraction.csproj", "{A7B3C145-D7B8-40E0-8CEA-5AB34267BB29}"
EndProject
Project("{9A19103F-16F7-4668-BE54-9A1E7A4F7556}") = "DatabaseInteraction.Interface", "BackEnd\DatabaseInteraction.Interface\DatabaseInteraction.Interface.csproj", "{0FA0D503-8C49-4D5D-BA57-A8167C632A8D}"
EndProject
Project("{9A19103F-16F7-4668-BE54-9A1E7A4F7556}") = "Domain", "BackEnd\Domain\Domain.csproj", "{71CDCFEF-EC6E-49E5-ADE7-4EBEAED3349D}"
EndProject
Project("{9A19103F-16F7-4668-BE54-9A1E7A4F7556}") = "Domain.Interface", "BackEnd\Domain.Interface\Domain.Interface.csproj", "{79812546-24B8-486C-940A-0B7CD06EE422}"
EndProject
Project("{9A19103F-16F7-4668-BE54-9A1E7A4F7556}") = "Domain.Mock", "BackEnd\Domain.Mock\Domain.Mock.csproj", "{387665FD-EAE4-4C69-8F21-3C837242BE09}"
EndProject
Project("{9A19103F-16F7-4668-BE54-9A1E7A4F7556}") = "DrugCheckingCrawler", "BackEnd\DrugCheckingCrawler\DrugCheckingCrawler.csproj", "{68331679-9042-499C-A9B6-DB6DCD1F3778}"
EndProject
Project("{9A19103F-16F7-4668-BE54-9A1E7A4F7556}") = "DrugCheckingCrawler.Interface", "BackEnd\DrugCheckingCrawler.Interface\DrugCheckingCrawler.Interface.csproj", "{8EF74404-24DE-4A38-91F8-0A6CAB284405}"
EndProject
Project("{9A19103F-16F7-4668-BE54-9A1E7A4F7556}") = "DrugCheckingCrawler.UnitTests", "BackEnd\DrugCheckingCrawler.UnitTests\DrugCheckingCrawler.UnitTests.csproj", "{0F2EF718-0C73-41AE-872F-18E5026D2A3B}"
EndProject
Project("{9A19103F-16F7-4668-BE54-9A1E7A4F7556}") = "ManipulationClient", "Clients\ManipulationClient\ManipulationClient.csproj", "{E79A38C6-1A97-4AAC-95D0-7078B00F66BD}"
EndProject
Project("{9A19103F-16F7-4668-BE54-9A1E7A4F7556}") = "WebInterface.UnitTests", "WebInterface.UnitTests\WebInterface.UnitTests.csproj", "{B8BACC16-EEDB-4214-A471-5488990E0405}"
EndProject
Project("{9A19103F-16F7-4668-BE54-9A1E7A4F7556}") = "ImageInteraction.Interface", "BackEnd\ImageInteraction.Interface\ImageInteraction.Interface.csproj", "{307F817B-B9C7-41F7-8DA0-714734B3613A}"
EndProject
Project("{9A19103F-16F7-4668-BE54-9A1E7A4F7556}") = "ImageInteraction", "BackEnd\ImageInteraction\ImageInteraction.csproj", "{82847CCA-3FB8-47F5-945F-B186E4E92CC2}"
EndProject
Project("{9A19103F-16F7-4668-BE54-9A1E7A4F7556}") = "ImageInteraction.UnitTests", "BackEnd\ImageInteraction.UnitTests\ImageInteraction.UnitTests.csproj", "{288EB1E4-4B54-4090-A490-67CFB917B7E8}"
EndProject
Global
	GlobalSection(SolutionConfigurationPlatforms) = preSolution
		Debug|Any CPU = Debug|Any CPU
		Debug|iPhone = Debug|iPhone
		Debug|iPhoneSimulator = Debug|iPhoneSimulator
		Release|Any CPU = Release|Any CPU
		Release|iPhone = Release|iPhone
		Release|iPhoneSimulator = Release|iPhoneSimulator
	EndGlobalSection
	GlobalSection(ProjectConfigurationPlatforms) = postSolution
		{31ED0645-2D29-4FCF-A79A-66324951ECD6}.Debug|Any CPU.ActiveCfg = Debug|Any CPU
		{31ED0645-2D29-4FCF-A79A-66324951ECD6}.Debug|Any CPU.Build.0 = Debug|Any CPU
		{31ED0645-2D29-4FCF-A79A-66324951ECD6}.Debug|iPhone.ActiveCfg = Debug|Any CPU
		{31ED0645-2D29-4FCF-A79A-66324951ECD6}.Debug|iPhone.Build.0 = Debug|Any CPU
		{31ED0645-2D29-4FCF-A79A-66324951ECD6}.Debug|iPhoneSimulator.ActiveCfg = Debug|Any CPU
		{31ED0645-2D29-4FCF-A79A-66324951ECD6}.Debug|iPhoneSimulator.Build.0 = Debug|Any CPU
		{31ED0645-2D29-4FCF-A79A-66324951ECD6}.Release|Any CPU.ActiveCfg = Release|Any CPU
		{31ED0645-2D29-4FCF-A79A-66324951ECD6}.Release|Any CPU.Build.0 = Release|Any CPU
		{31ED0645-2D29-4FCF-A79A-66324951ECD6}.Release|iPhone.ActiveCfg = Release|Any CPU
		{31ED0645-2D29-4FCF-A79A-66324951ECD6}.Release|iPhone.Build.0 = Release|Any CPU
		{31ED0645-2D29-4FCF-A79A-66324951ECD6}.Release|iPhoneSimulator.ActiveCfg = Release|Any CPU
		{31ED0645-2D29-4FCF-A79A-66324951ECD6}.Release|iPhoneSimulator.Build.0 = Release|Any CPU
		{880ACD2D-28E8-4D1F-923A-D4813E81CD57}.Debug|Any CPU.ActiveCfg = Debug|Any CPU
		{880ACD2D-28E8-4D1F-923A-D4813E81CD57}.Debug|Any CPU.Build.0 = Debug|Any CPU
		{880ACD2D-28E8-4D1F-923A-D4813E81CD57}.Debug|iPhone.ActiveCfg = Debug|Any CPU
		{880ACD2D-28E8-4D1F-923A-D4813E81CD57}.Debug|iPhone.Build.0 = Debug|Any CPU
		{880ACD2D-28E8-4D1F-923A-D4813E81CD57}.Debug|iPhoneSimulator.ActiveCfg = Debug|Any CPU
		{880ACD2D-28E8-4D1F-923A-D4813E81CD57}.Debug|iPhoneSimulator.Build.0 = Debug|Any CPU
		{880ACD2D-28E8-4D1F-923A-D4813E81CD57}.Release|Any CPU.ActiveCfg = Release|Any CPU
		{880ACD2D-28E8-4D1F-923A-D4813E81CD57}.Release|Any CPU.Build.0 = Release|Any CPU
		{880ACD2D-28E8-4D1F-923A-D4813E81CD57}.Release|iPhone.ActiveCfg = Release|Any CPU
		{880ACD2D-28E8-4D1F-923A-D4813E81CD57}.Release|iPhone.Build.0 = Release|Any CPU
		{880ACD2D-28E8-4D1F-923A-D4813E81CD57}.Release|iPhoneSimulator.ActiveCfg = Release|Any CPU
		{880ACD2D-28E8-4D1F-923A-D4813E81CD57}.Release|iPhoneSimulator.Build.0 = Release|Any CPU
		{48FB25C9-6320-4A7A-85B5-682091379F4D}.Debug|Any CPU.ActiveCfg = Debug|Any CPU
		{48FB25C9-6320-4A7A-85B5-682091379F4D}.Debug|Any CPU.Build.0 = Debug|Any CPU
		{48FB25C9-6320-4A7A-85B5-682091379F4D}.Debug|iPhone.ActiveCfg = Debug|Any CPU
		{48FB25C9-6320-4A7A-85B5-682091379F4D}.Debug|iPhone.Build.0 = Debug|Any CPU
		{48FB25C9-6320-4A7A-85B5-682091379F4D}.Debug|iPhoneSimulator.ActiveCfg = Debug|Any CPU
		{48FB25C9-6320-4A7A-85B5-682091379F4D}.Debug|iPhoneSimulator.Build.0 = Debug|Any CPU
		{48FB25C9-6320-4A7A-85B5-682091379F4D}.Release|Any CPU.ActiveCfg = Release|Any CPU
		{48FB25C9-6320-4A7A-85B5-682091379F4D}.Release|Any CPU.Build.0 = Release|Any CPU
		{48FB25C9-6320-4A7A-85B5-682091379F4D}.Release|iPhone.ActiveCfg = Release|Any CPU
		{48FB25C9-6320-4A7A-85B5-682091379F4D}.Release|iPhone.Build.0 = Release|Any CPU
		{48FB25C9-6320-4A7A-85B5-682091379F4D}.Release|iPhoneSimulator.ActiveCfg = Release|Any CPU
		{48FB25C9-6320-4A7A-85B5-682091379F4D}.Release|iPhoneSimulator.Build.0 = Release|Any CPU
		{07BB5B6F-1FD9-49A2-A56C-AE0B93DFE446}.Debug|Any CPU.ActiveCfg = Debug|Any CPU
		{07BB5B6F-1FD9-49A2-A56C-AE0B93DFE446}.Debug|Any CPU.Build.0 = Debug|Any CPU
		{07BB5B6F-1FD9-49A2-A56C-AE0B93DFE446}.Debug|Any CPU.Deploy.0 = Debug|Any CPU
		{07BB5B6F-1FD9-49A2-A56C-AE0B93DFE446}.Debug|iPhone.ActiveCfg = Debug|Any CPU
		{07BB5B6F-1FD9-49A2-A56C-AE0B93DFE446}.Debug|iPhone.Build.0 = Debug|Any CPU
		{07BB5B6F-1FD9-49A2-A56C-AE0B93DFE446}.Debug|iPhone.Deploy.0 = Debug|Any CPU
		{07BB5B6F-1FD9-49A2-A56C-AE0B93DFE446}.Debug|iPhoneSimulator.ActiveCfg = Debug|Any CPU
		{07BB5B6F-1FD9-49A2-A56C-AE0B93DFE446}.Debug|iPhoneSimulator.Build.0 = Debug|Any CPU
		{07BB5B6F-1FD9-49A2-A56C-AE0B93DFE446}.Debug|iPhoneSimulator.Deploy.0 = Debug|Any CPU
		{07BB5B6F-1FD9-49A2-A56C-AE0B93DFE446}.Release|Any CPU.ActiveCfg = Release|Any CPU
		{07BB5B6F-1FD9-49A2-A56C-AE0B93DFE446}.Release|Any CPU.Build.0 = Release|Any CPU
		{07BB5B6F-1FD9-49A2-A56C-AE0B93DFE446}.Release|Any CPU.Deploy.0 = Release|Any CPU
		{07BB5B6F-1FD9-49A2-A56C-AE0B93DFE446}.Release|iPhone.ActiveCfg = Release|Any CPU
		{07BB5B6F-1FD9-49A2-A56C-AE0B93DFE446}.Release|iPhone.Build.0 = Release|Any CPU
		{07BB5B6F-1FD9-49A2-A56C-AE0B93DFE446}.Release|iPhone.Deploy.0 = Release|Any CPU
		{07BB5B6F-1FD9-49A2-A56C-AE0B93DFE446}.Release|iPhoneSimulator.ActiveCfg = Release|Any CPU
		{07BB5B6F-1FD9-49A2-A56C-AE0B93DFE446}.Release|iPhoneSimulator.Build.0 = Release|Any CPU
		{07BB5B6F-1FD9-49A2-A56C-AE0B93DFE446}.Release|iPhoneSimulator.Deploy.0 = Release|Any CPU
		{E2773287-C7B6-4B41-B331-820FBF9EA461}.Debug|Any CPU.ActiveCfg = Debug|iPhone
		{E2773287-C7B6-4B41-B331-820FBF9EA461}.Debug|iPhone.ActiveCfg = Debug|iPhone
		{E2773287-C7B6-4B41-B331-820FBF9EA461}.Debug|iPhone.Build.0 = Debug|iPhone
		{E2773287-C7B6-4B41-B331-820FBF9EA461}.Debug|iPhoneSimulator.ActiveCfg = Debug|iPhoneSimulator
		{E2773287-C7B6-4B41-B331-820FBF9EA461}.Debug|iPhoneSimulator.Build.0 = Debug|iPhoneSimulator
		{E2773287-C7B6-4B41-B331-820FBF9EA461}.Release|Any CPU.ActiveCfg = Release|iPhone
		{E2773287-C7B6-4B41-B331-820FBF9EA461}.Release|iPhone.ActiveCfg = Release|iPhone
		{E2773287-C7B6-4B41-B331-820FBF9EA461}.Release|iPhone.Build.0 = Release|iPhone
		{E2773287-C7B6-4B41-B331-820FBF9EA461}.Release|iPhoneSimulator.ActiveCfg = Release|iPhoneSimulator
		{E2773287-C7B6-4B41-B331-820FBF9EA461}.Release|iPhoneSimulator.Build.0 = Release|iPhoneSimulator
		{80AE06D2-02DF-4089-A6D1-584228F50B0F}.Debug|Any CPU.ActiveCfg = Debug|Any CPU
		{80AE06D2-02DF-4089-A6D1-584228F50B0F}.Debug|Any CPU.Build.0 = Debug|Any CPU
		{80AE06D2-02DF-4089-A6D1-584228F50B0F}.Debug|iPhone.ActiveCfg = Debug|Any CPU
		{80AE06D2-02DF-4089-A6D1-584228F50B0F}.Debug|iPhone.Build.0 = Debug|Any CPU
		{80AE06D2-02DF-4089-A6D1-584228F50B0F}.Debug|iPhoneSimulator.ActiveCfg = Debug|Any CPU
		{80AE06D2-02DF-4089-A6D1-584228F50B0F}.Debug|iPhoneSimulator.Build.0 = Debug|Any CPU
		{80AE06D2-02DF-4089-A6D1-584228F50B0F}.Release|Any CPU.ActiveCfg = Release|Any CPU
		{80AE06D2-02DF-4089-A6D1-584228F50B0F}.Release|Any CPU.Build.0 = Release|Any CPU
		{80AE06D2-02DF-4089-A6D1-584228F50B0F}.Release|iPhone.ActiveCfg = Release|Any CPU
		{80AE06D2-02DF-4089-A6D1-584228F50B0F}.Release|iPhone.Build.0 = Release|Any CPU
		{80AE06D2-02DF-4089-A6D1-584228F50B0F}.Release|iPhoneSimulator.ActiveCfg = Release|Any CPU
		{80AE06D2-02DF-4089-A6D1-584228F50B0F}.Release|iPhoneSimulator.Build.0 = Release|Any CPU
		{866B2276-E2B5-4852-8A3A-40C6B1170914}.Debug|Any CPU.ActiveCfg = Debug|Any CPU
		{866B2276-E2B5-4852-8A3A-40C6B1170914}.Debug|Any CPU.Build.0 = Debug|Any CPU
		{866B2276-E2B5-4852-8A3A-40C6B1170914}.Debug|iPhone.ActiveCfg = Debug|Any CPU
		{866B2276-E2B5-4852-8A3A-40C6B1170914}.Debug|iPhone.Build.0 = Debug|Any CPU
		{866B2276-E2B5-4852-8A3A-40C6B1170914}.Debug|iPhoneSimulator.ActiveCfg = Debug|Any CPU
		{866B2276-E2B5-4852-8A3A-40C6B1170914}.Debug|iPhoneSimulator.Build.0 = Debug|Any CPU
		{866B2276-E2B5-4852-8A3A-40C6B1170914}.Release|Any CPU.ActiveCfg = Release|Any CPU
		{866B2276-E2B5-4852-8A3A-40C6B1170914}.Release|Any CPU.Build.0 = Release|Any CPU
		{866B2276-E2B5-4852-8A3A-40C6B1170914}.Release|iPhone.ActiveCfg = Release|Any CPU
		{866B2276-E2B5-4852-8A3A-40C6B1170914}.Release|iPhone.Build.0 = Release|Any CPU
		{866B2276-E2B5-4852-8A3A-40C6B1170914}.Release|iPhoneSimulator.ActiveCfg = Release|Any CPU
		{866B2276-E2B5-4852-8A3A-40C6B1170914}.Release|iPhoneSimulator.Build.0 = Release|Any CPU
		{50A6A25A-1457-40D5-B579-BE713E09A1D1}.Debug|Any CPU.ActiveCfg = Debug|Any CPU
		{50A6A25A-1457-40D5-B579-BE713E09A1D1}.Debug|Any CPU.Build.0 = Debug|Any CPU
		{50A6A25A-1457-40D5-B579-BE713E09A1D1}.Debug|iPhone.ActiveCfg = Debug|Any CPU
		{50A6A25A-1457-40D5-B579-BE713E09A1D1}.Debug|iPhone.Build.0 = Debug|Any CPU
		{50A6A25A-1457-40D5-B579-BE713E09A1D1}.Debug|iPhoneSimulator.ActiveCfg = Debug|Any CPU
		{50A6A25A-1457-40D5-B579-BE713E09A1D1}.Debug|iPhoneSimulator.Build.0 = Debug|Any CPU
		{50A6A25A-1457-40D5-B579-BE713E09A1D1}.Release|Any CPU.ActiveCfg = Release|Any CPU
		{50A6A25A-1457-40D5-B579-BE713E09A1D1}.Release|Any CPU.Build.0 = Release|Any CPU
		{50A6A25A-1457-40D5-B579-BE713E09A1D1}.Release|iPhone.ActiveCfg = Release|Any CPU
		{50A6A25A-1457-40D5-B579-BE713E09A1D1}.Release|iPhone.Build.0 = Release|Any CPU
		{50A6A25A-1457-40D5-B579-BE713E09A1D1}.Release|iPhoneSimulator.ActiveCfg = Release|Any CPU
		{50A6A25A-1457-40D5-B579-BE713E09A1D1}.Release|iPhoneSimulator.Build.0 = Release|Any CPU
		{A7B3C145-D7B8-40E0-8CEA-5AB34267BB29}.Debug|Any CPU.ActiveCfg = Debug|Any CPU
		{A7B3C145-D7B8-40E0-8CEA-5AB34267BB29}.Debug|Any CPU.Build.0 = Debug|Any CPU
		{A7B3C145-D7B8-40E0-8CEA-5AB34267BB29}.Debug|iPhone.ActiveCfg = Debug|Any CPU
		{A7B3C145-D7B8-40E0-8CEA-5AB34267BB29}.Debug|iPhone.Build.0 = Debug|Any CPU
		{A7B3C145-D7B8-40E0-8CEA-5AB34267BB29}.Debug|iPhoneSimulator.ActiveCfg = Debug|Any CPU
		{A7B3C145-D7B8-40E0-8CEA-5AB34267BB29}.Debug|iPhoneSimulator.Build.0 = Debug|Any CPU
		{A7B3C145-D7B8-40E0-8CEA-5AB34267BB29}.Release|Any CPU.ActiveCfg = Release|Any CPU
		{A7B3C145-D7B8-40E0-8CEA-5AB34267BB29}.Release|Any CPU.Build.0 = Release|Any CPU
		{A7B3C145-D7B8-40E0-8CEA-5AB34267BB29}.Release|iPhone.ActiveCfg = Release|Any CPU
		{A7B3C145-D7B8-40E0-8CEA-5AB34267BB29}.Release|iPhone.Build.0 = Release|Any CPU
		{A7B3C145-D7B8-40E0-8CEA-5AB34267BB29}.Release|iPhoneSimulator.ActiveCfg = Release|Any CPU
		{A7B3C145-D7B8-40E0-8CEA-5AB34267BB29}.Release|iPhoneSimulator.Build.0 = Release|Any CPU
		{0FA0D503-8C49-4D5D-BA57-A8167C632A8D}.Debug|Any CPU.ActiveCfg = Debug|Any CPU
		{0FA0D503-8C49-4D5D-BA57-A8167C632A8D}.Debug|Any CPU.Build.0 = Debug|Any CPU
		{0FA0D503-8C49-4D5D-BA57-A8167C632A8D}.Debug|iPhone.ActiveCfg = Debug|Any CPU
		{0FA0D503-8C49-4D5D-BA57-A8167C632A8D}.Debug|iPhone.Build.0 = Debug|Any CPU
		{0FA0D503-8C49-4D5D-BA57-A8167C632A8D}.Debug|iPhoneSimulator.ActiveCfg = Debug|Any CPU
		{0FA0D503-8C49-4D5D-BA57-A8167C632A8D}.Debug|iPhoneSimulator.Build.0 = Debug|Any CPU
		{0FA0D503-8C49-4D5D-BA57-A8167C632A8D}.Release|Any CPU.ActiveCfg = Release|Any CPU
		{0FA0D503-8C49-4D5D-BA57-A8167C632A8D}.Release|Any CPU.Build.0 = Release|Any CPU
		{0FA0D503-8C49-4D5D-BA57-A8167C632A8D}.Release|iPhone.ActiveCfg = Release|Any CPU
		{0FA0D503-8C49-4D5D-BA57-A8167C632A8D}.Release|iPhone.Build.0 = Release|Any CPU
		{0FA0D503-8C49-4D5D-BA57-A8167C632A8D}.Release|iPhoneSimulator.ActiveCfg = Release|Any CPU
		{0FA0D503-8C49-4D5D-BA57-A8167C632A8D}.Release|iPhoneSimulator.Build.0 = Release|Any CPU
		{71CDCFEF-EC6E-49E5-ADE7-4EBEAED3349D}.Debug|Any CPU.ActiveCfg = Debug|Any CPU
		{71CDCFEF-EC6E-49E5-ADE7-4EBEAED3349D}.Debug|Any CPU.Build.0 = Debug|Any CPU
		{71CDCFEF-EC6E-49E5-ADE7-4EBEAED3349D}.Debug|iPhone.ActiveCfg = Debug|Any CPU
		{71CDCFEF-EC6E-49E5-ADE7-4EBEAED3349D}.Debug|iPhone.Build.0 = Debug|Any CPU
		{71CDCFEF-EC6E-49E5-ADE7-4EBEAED3349D}.Debug|iPhoneSimulator.ActiveCfg = Debug|Any CPU
		{71CDCFEF-EC6E-49E5-ADE7-4EBEAED3349D}.Debug|iPhoneSimulator.Build.0 = Debug|Any CPU
		{71CDCFEF-EC6E-49E5-ADE7-4EBEAED3349D}.Release|Any CPU.ActiveCfg = Release|Any CPU
		{71CDCFEF-EC6E-49E5-ADE7-4EBEAED3349D}.Release|Any CPU.Build.0 = Release|Any CPU
		{71CDCFEF-EC6E-49E5-ADE7-4EBEAED3349D}.Release|iPhone.ActiveCfg = Release|Any CPU
		{71CDCFEF-EC6E-49E5-ADE7-4EBEAED3349D}.Release|iPhone.Build.0 = Release|Any CPU
		{71CDCFEF-EC6E-49E5-ADE7-4EBEAED3349D}.Release|iPhoneSimulator.ActiveCfg = Release|Any CPU
		{71CDCFEF-EC6E-49E5-ADE7-4EBEAED3349D}.Release|iPhoneSimulator.Build.0 = Release|Any CPU
		{79812546-24B8-486C-940A-0B7CD06EE422}.Debug|Any CPU.ActiveCfg = Debug|Any CPU
		{79812546-24B8-486C-940A-0B7CD06EE422}.Debug|Any CPU.Build.0 = Debug|Any CPU
		{79812546-24B8-486C-940A-0B7CD06EE422}.Debug|iPhone.ActiveCfg = Debug|Any CPU
		{79812546-24B8-486C-940A-0B7CD06EE422}.Debug|iPhone.Build.0 = Debug|Any CPU
		{79812546-24B8-486C-940A-0B7CD06EE422}.Debug|iPhoneSimulator.ActiveCfg = Debug|Any CPU
		{79812546-24B8-486C-940A-0B7CD06EE422}.Debug|iPhoneSimulator.Build.0 = Debug|Any CPU
		{79812546-24B8-486C-940A-0B7CD06EE422}.Release|Any CPU.ActiveCfg = Release|Any CPU
		{79812546-24B8-486C-940A-0B7CD06EE422}.Release|Any CPU.Build.0 = Release|Any CPU
		{79812546-24B8-486C-940A-0B7CD06EE422}.Release|iPhone.ActiveCfg = Release|Any CPU
		{79812546-24B8-486C-940A-0B7CD06EE422}.Release|iPhone.Build.0 = Release|Any CPU
		{79812546-24B8-486C-940A-0B7CD06EE422}.Release|iPhoneSimulator.ActiveCfg = Release|Any CPU
		{79812546-24B8-486C-940A-0B7CD06EE422}.Release|iPhoneSimulator.Build.0 = Release|Any CPU
		{387665FD-EAE4-4C69-8F21-3C837242BE09}.Debug|Any CPU.ActiveCfg = Debug|Any CPU
		{387665FD-EAE4-4C69-8F21-3C837242BE09}.Debug|Any CPU.Build.0 = Debug|Any CPU
		{387665FD-EAE4-4C69-8F21-3C837242BE09}.Debug|iPhone.ActiveCfg = Debug|Any CPU
		{387665FD-EAE4-4C69-8F21-3C837242BE09}.Debug|iPhone.Build.0 = Debug|Any CPU
		{387665FD-EAE4-4C69-8F21-3C837242BE09}.Debug|iPhoneSimulator.ActiveCfg = Debug|Any CPU
		{387665FD-EAE4-4C69-8F21-3C837242BE09}.Debug|iPhoneSimulator.Build.0 = Debug|Any CPU
		{387665FD-EAE4-4C69-8F21-3C837242BE09}.Release|Any CPU.ActiveCfg = Release|Any CPU
		{387665FD-EAE4-4C69-8F21-3C837242BE09}.Release|Any CPU.Build.0 = Release|Any CPU
		{387665FD-EAE4-4C69-8F21-3C837242BE09}.Release|iPhone.ActiveCfg = Release|Any CPU
		{387665FD-EAE4-4C69-8F21-3C837242BE09}.Release|iPhone.Build.0 = Release|Any CPU
		{387665FD-EAE4-4C69-8F21-3C837242BE09}.Release|iPhoneSimulator.ActiveCfg = Release|Any CPU
		{387665FD-EAE4-4C69-8F21-3C837242BE09}.Release|iPhoneSimulator.Build.0 = Release|Any CPU
		{68331679-9042-499C-A9B6-DB6DCD1F3778}.Debug|Any CPU.ActiveCfg = Debug|Any CPU
		{68331679-9042-499C-A9B6-DB6DCD1F3778}.Debug|Any CPU.Build.0 = Debug|Any CPU
		{68331679-9042-499C-A9B6-DB6DCD1F3778}.Debug|iPhone.ActiveCfg = Debug|Any CPU
		{68331679-9042-499C-A9B6-DB6DCD1F3778}.Debug|iPhone.Build.0 = Debug|Any CPU
		{68331679-9042-499C-A9B6-DB6DCD1F3778}.Debug|iPhoneSimulator.ActiveCfg = Debug|Any CPU
		{68331679-9042-499C-A9B6-DB6DCD1F3778}.Debug|iPhoneSimulator.Build.0 = Debug|Any CPU
		{68331679-9042-499C-A9B6-DB6DCD1F3778}.Release|Any CPU.ActiveCfg = Release|Any CPU
		{68331679-9042-499C-A9B6-DB6DCD1F3778}.Release|Any CPU.Build.0 = Release|Any CPU
		{68331679-9042-499C-A9B6-DB6DCD1F3778}.Release|iPhone.ActiveCfg = Release|Any CPU
		{68331679-9042-499C-A9B6-DB6DCD1F3778}.Release|iPhone.Build.0 = Release|Any CPU
		{68331679-9042-499C-A9B6-DB6DCD1F3778}.Release|iPhoneSimulator.ActiveCfg = Release|Any CPU
		{68331679-9042-499C-A9B6-DB6DCD1F3778}.Release|iPhoneSimulator.Build.0 = Release|Any CPU
		{8EF74404-24DE-4A38-91F8-0A6CAB284405}.Debug|Any CPU.ActiveCfg = Debug|Any CPU
		{8EF74404-24DE-4A38-91F8-0A6CAB284405}.Debug|Any CPU.Build.0 = Debug|Any CPU
		{8EF74404-24DE-4A38-91F8-0A6CAB284405}.Debug|iPhone.ActiveCfg = Debug|Any CPU
		{8EF74404-24DE-4A38-91F8-0A6CAB284405}.Debug|iPhone.Build.0 = Debug|Any CPU
		{8EF74404-24DE-4A38-91F8-0A6CAB284405}.Debug|iPhoneSimulator.ActiveCfg = Debug|Any CPU
		{8EF74404-24DE-4A38-91F8-0A6CAB284405}.Debug|iPhoneSimulator.Build.0 = Debug|Any CPU
		{8EF74404-24DE-4A38-91F8-0A6CAB284405}.Release|Any CPU.ActiveCfg = Release|Any CPU
		{8EF74404-24DE-4A38-91F8-0A6CAB284405}.Release|Any CPU.Build.0 = Release|Any CPU
		{8EF74404-24DE-4A38-91F8-0A6CAB284405}.Release|iPhone.ActiveCfg = Release|Any CPU
		{8EF74404-24DE-4A38-91F8-0A6CAB284405}.Release|iPhone.Build.0 = Release|Any CPU
		{8EF74404-24DE-4A38-91F8-0A6CAB284405}.Release|iPhoneSimulator.ActiveCfg = Release|Any CPU
		{8EF74404-24DE-4A38-91F8-0A6CAB284405}.Release|iPhoneSimulator.Build.0 = Release|Any CPU
		{0F2EF718-0C73-41AE-872F-18E5026D2A3B}.Debug|Any CPU.ActiveCfg = Debug|Any CPU
		{0F2EF718-0C73-41AE-872F-18E5026D2A3B}.Debug|Any CPU.Build.0 = Debug|Any CPU
		{0F2EF718-0C73-41AE-872F-18E5026D2A3B}.Debug|iPhone.ActiveCfg = Debug|Any CPU
		{0F2EF718-0C73-41AE-872F-18E5026D2A3B}.Debug|iPhone.Build.0 = Debug|Any CPU
		{0F2EF718-0C73-41AE-872F-18E5026D2A3B}.Debug|iPhoneSimulator.ActiveCfg = Debug|Any CPU
		{0F2EF718-0C73-41AE-872F-18E5026D2A3B}.Debug|iPhoneSimulator.Build.0 = Debug|Any CPU
		{0F2EF718-0C73-41AE-872F-18E5026D2A3B}.Release|Any CPU.ActiveCfg = Release|Any CPU
		{0F2EF718-0C73-41AE-872F-18E5026D2A3B}.Release|Any CPU.Build.0 = Release|Any CPU
		{0F2EF718-0C73-41AE-872F-18E5026D2A3B}.Release|iPhone.ActiveCfg = Release|Any CPU
		{0F2EF718-0C73-41AE-872F-18E5026D2A3B}.Release|iPhone.Build.0 = Release|Any CPU
		{0F2EF718-0C73-41AE-872F-18E5026D2A3B}.Release|iPhoneSimulator.ActiveCfg = Release|Any CPU
		{0F2EF718-0C73-41AE-872F-18E5026D2A3B}.Release|iPhoneSimulator.Build.0 = Release|Any CPU
		{E79A38C6-1A97-4AAC-95D0-7078B00F66BD}.Debug|Any CPU.ActiveCfg = Debug|Any CPU
		{E79A38C6-1A97-4AAC-95D0-7078B00F66BD}.Debug|Any CPU.Build.0 = Debug|Any CPU
		{E79A38C6-1A97-4AAC-95D0-7078B00F66BD}.Debug|iPhone.ActiveCfg = Debug|Any CPU
		{E79A38C6-1A97-4AAC-95D0-7078B00F66BD}.Debug|iPhone.Build.0 = Debug|Any CPU
		{E79A38C6-1A97-4AAC-95D0-7078B00F66BD}.Debug|iPhoneSimulator.ActiveCfg = Debug|Any CPU
		{E79A38C6-1A97-4AAC-95D0-7078B00F66BD}.Debug|iPhoneSimulator.Build.0 = Debug|Any CPU
		{E79A38C6-1A97-4AAC-95D0-7078B00F66BD}.Release|Any CPU.ActiveCfg = Release|Any CPU
		{E79A38C6-1A97-4AAC-95D0-7078B00F66BD}.Release|Any CPU.Build.0 = Release|Any CPU
		{E79A38C6-1A97-4AAC-95D0-7078B00F66BD}.Release|iPhone.ActiveCfg = Release|Any CPU
		{E79A38C6-1A97-4AAC-95D0-7078B00F66BD}.Release|iPhone.Build.0 = Release|Any CPU
		{E79A38C6-1A97-4AAC-95D0-7078B00F66BD}.Release|iPhoneSimulator.ActiveCfg = Release|Any CPU
		{E79A38C6-1A97-4AAC-95D0-7078B00F66BD}.Release|iPhoneSimulator.Build.0 = Release|Any CPU
		{B8BACC16-EEDB-4214-A471-5488990E0405}.Debug|Any CPU.ActiveCfg = Debug|Any CPU
		{B8BACC16-EEDB-4214-A471-5488990E0405}.Debug|Any CPU.Build.0 = Debug|Any CPU
		{B8BACC16-EEDB-4214-A471-5488990E0405}.Debug|iPhone.ActiveCfg = Debug|Any CPU
		{B8BACC16-EEDB-4214-A471-5488990E0405}.Debug|iPhone.Build.0 = Debug|Any CPU
		{B8BACC16-EEDB-4214-A471-5488990E0405}.Debug|iPhoneSimulator.ActiveCfg = Debug|Any CPU
		{B8BACC16-EEDB-4214-A471-5488990E0405}.Debug|iPhoneSimulator.Build.0 = Debug|Any CPU
		{B8BACC16-EEDB-4214-A471-5488990E0405}.Release|Any CPU.ActiveCfg = Release|Any CPU
		{B8BACC16-EEDB-4214-A471-5488990E0405}.Release|Any CPU.Build.0 = Release|Any CPU
		{B8BACC16-EEDB-4214-A471-5488990E0405}.Release|iPhone.ActiveCfg = Release|Any CPU
		{B8BACC16-EEDB-4214-A471-5488990E0405}.Release|iPhone.Build.0 = Release|Any CPU
		{B8BACC16-EEDB-4214-A471-5488990E0405}.Release|iPhoneSimulator.ActiveCfg = Release|Any CPU
		{B8BACC16-EEDB-4214-A471-5488990E0405}.Release|iPhoneSimulator.Build.0 = Release|Any CPU
		{307F817B-B9C7-41F7-8DA0-714734B3613A}.Debug|Any CPU.ActiveCfg = Debug|Any CPU
		{307F817B-B9C7-41F7-8DA0-714734B3613A}.Debug|Any CPU.Build.0 = Debug|Any CPU
		{307F817B-B9C7-41F7-8DA0-714734B3613A}.Debug|iPhone.ActiveCfg = Debug|Any CPU
		{307F817B-B9C7-41F7-8DA0-714734B3613A}.Debug|iPhone.Build.0 = Debug|Any CPU
		{307F817B-B9C7-41F7-8DA0-714734B3613A}.Debug|iPhoneSimulator.ActiveCfg = Debug|Any CPU
		{307F817B-B9C7-41F7-8DA0-714734B3613A}.Debug|iPhoneSimulator.Build.0 = Debug|Any CPU
		{307F817B-B9C7-41F7-8DA0-714734B3613A}.Release|Any CPU.ActiveCfg = Release|Any CPU
		{307F817B-B9C7-41F7-8DA0-714734B3613A}.Release|Any CPU.Build.0 = Release|Any CPU
		{307F817B-B9C7-41F7-8DA0-714734B3613A}.Release|iPhone.ActiveCfg = Release|Any CPU
		{307F817B-B9C7-41F7-8DA0-714734B3613A}.Release|iPhone.Build.0 = Release|Any CPU
		{307F817B-B9C7-41F7-8DA0-714734B3613A}.Release|iPhoneSimulator.ActiveCfg = Release|Any CPU
		{307F817B-B9C7-41F7-8DA0-714734B3613A}.Release|iPhoneSimulator.Build.0 = Release|Any CPU
		{82847CCA-3FB8-47F5-945F-B186E4E92CC2}.Debug|Any CPU.ActiveCfg = Debug|Any CPU
		{82847CCA-3FB8-47F5-945F-B186E4E92CC2}.Debug|Any CPU.Build.0 = Debug|Any CPU
		{82847CCA-3FB8-47F5-945F-B186E4E92CC2}.Debug|iPhone.ActiveCfg = Debug|Any CPU
		{82847CCA-3FB8-47F5-945F-B186E4E92CC2}.Debug|iPhone.Build.0 = Debug|Any CPU
		{82847CCA-3FB8-47F5-945F-B186E4E92CC2}.Debug|iPhoneSimulator.ActiveCfg = Debug|Any CPU
		{82847CCA-3FB8-47F5-945F-B186E4E92CC2}.Debug|iPhoneSimulator.Build.0 = Debug|Any CPU
		{82847CCA-3FB8-47F5-945F-B186E4E92CC2}.Release|Any CPU.ActiveCfg = Release|Any CPU
		{82847CCA-3FB8-47F5-945F-B186E4E92CC2}.Release|Any CPU.Build.0 = Release|Any CPU
		{82847CCA-3FB8-47F5-945F-B186E4E92CC2}.Release|iPhone.ActiveCfg = Release|Any CPU
		{82847CCA-3FB8-47F5-945F-B186E4E92CC2}.Release|iPhone.Build.0 = Release|Any CPU
		{82847CCA-3FB8-47F5-945F-B186E4E92CC2}.Release|iPhoneSimulator.ActiveCfg = Release|Any CPU
		{82847CCA-3FB8-47F5-945F-B186E4E92CC2}.Release|iPhoneSimulator.Build.0 = Release|Any CPU
		{288EB1E4-4B54-4090-A490-67CFB917B7E8}.Debug|Any CPU.ActiveCfg = Debug|Any CPU
		{288EB1E4-4B54-4090-A490-67CFB917B7E8}.Debug|Any CPU.Build.0 = Debug|Any CPU
		{288EB1E4-4B54-4090-A490-67CFB917B7E8}.Debug|iPhone.ActiveCfg = Debug|Any CPU
		{288EB1E4-4B54-4090-A490-67CFB917B7E8}.Debug|iPhone.Build.0 = Debug|Any CPU
		{288EB1E4-4B54-4090-A490-67CFB917B7E8}.Debug|iPhoneSimulator.ActiveCfg = Debug|Any CPU
		{288EB1E4-4B54-4090-A490-67CFB917B7E8}.Debug|iPhoneSimulator.Build.0 = Debug|Any CPU
		{288EB1E4-4B54-4090-A490-67CFB917B7E8}.Release|Any CPU.ActiveCfg = Release|Any CPU
		{288EB1E4-4B54-4090-A490-67CFB917B7E8}.Release|Any CPU.Build.0 = Release|Any CPU
		{288EB1E4-4B54-4090-A490-67CFB917B7E8}.Release|iPhone.ActiveCfg = Release|Any CPU
		{288EB1E4-4B54-4090-A490-67CFB917B7E8}.Release|iPhone.Build.0 = Release|Any CPU
		{288EB1E4-4B54-4090-A490-67CFB917B7E8}.Release|iPhoneSimulator.ActiveCfg = Release|Any CPU
		{288EB1E4-4B54-4090-A490-67CFB917B7E8}.Release|iPhoneSimulator.Build.0 = Release|Any CPU
	EndGlobalSection
	GlobalSection(SolutionProperties) = preSolution
		HideSolutionNode = FALSE
	EndGlobalSection
	GlobalSection(NestedProjects) = preSolution
		{880ACD2D-28E8-4D1F-923A-D4813E81CD57} = {04069B47-637A-48DA-9694-A804A0AA47A0}
		{48FB25C9-6320-4A7A-85B5-682091379F4D} = {04069B47-637A-48DA-9694-A804A0AA47A0}
		{07BB5B6F-1FD9-49A2-A56C-AE0B93DFE446} = {04069B47-637A-48DA-9694-A804A0AA47A0}
		{E2773287-C7B6-4B41-B331-820FBF9EA461} = {04069B47-637A-48DA-9694-A804A0AA47A0}
		{80AE06D2-02DF-4089-A6D1-584228F50B0F} = {04069B47-637A-48DA-9694-A804A0AA47A0}
		{A7B3C145-D7B8-40E0-8CEA-5AB34267BB29} = {B71CEC80-4BBC-4CCC-810C-D872F13EA853}
		{0FA0D503-8C49-4D5D-BA57-A8167C632A8D} = {B71CEC80-4BBC-4CCC-810C-D872F13EA853}
		{71CDCFEF-EC6E-49E5-ADE7-4EBEAED3349D} = {B71CEC80-4BBC-4CCC-810C-D872F13EA853}
		{79812546-24B8-486C-940A-0B7CD06EE422} = {B71CEC80-4BBC-4CCC-810C-D872F13EA853}
		{387665FD-EAE4-4C69-8F21-3C837242BE09} = {B71CEC80-4BBC-4CCC-810C-D872F13EA853}
		{68331679-9042-499C-A9B6-DB6DCD1F3778} = {B71CEC80-4BBC-4CCC-810C-D872F13EA853}
		{8EF74404-24DE-4A38-91F8-0A6CAB284405} = {B71CEC80-4BBC-4CCC-810C-D872F13EA853}
		{0F2EF718-0C73-41AE-872F-18E5026D2A3B} = {B71CEC80-4BBC-4CCC-810C-D872F13EA853}
		{E79A38C6-1A97-4AAC-95D0-7078B00F66BD} = {04069B47-637A-48DA-9694-A804A0AA47A0}
		{B8BACC16-EEDB-4214-A471-5488990E0405} = {04069B47-637A-48DA-9694-A804A0AA47A0}
		{307F817B-B9C7-41F7-8DA0-714734B3613A} = {B71CEC80-4BBC-4CCC-810C-D872F13EA853}
		{82847CCA-3FB8-47F5-945F-B186E4E92CC2} = {B71CEC80-4BBC-4CCC-810C-D872F13EA853}
		{288EB1E4-4B54-4090-A490-67CFB917B7E8} = {B71CEC80-4BBC-4CCC-810C-D872F13EA853}
	EndGlobalSection
	GlobalSection(ExtensibilityGlobals) = postSolution
		SolutionGuid = {F9C7C28B-A86D-40DE-8AA2-2DB67CFAFA3A}
	EndGlobalSection
EndGlobal
