
Microsoft Visual Studio Solution File, Format Version 12.00
# Visual Studio Version 16
VisualStudioVersion = 16.0.30011.22
MinimumVisualStudioVersion = 10.0.40219.1
Project("{9A19103F-16F7-4668-BE54-9A1E7A4F7556}") = "DrugCheckingCrawler", "DrugCheckingCrawler\DrugCheckingCrawler.csproj", "{E06CBB04-9ABD-41CE-8C3B-40BA5CD4AAFE}"
EndProject
Project("{9A19103F-16F7-4668-BE54-9A1E7A4F7556}") = "DrugCheckingCrawler.UnitTests", "DrugCheckingCrawler.UnitTests\DrugCheckingCrawler.UnitTests.csproj", "{AF0227A3-E043-4D3F-8CE7-BAB0ED1989B7}"
EndProject
Project("{9A19103F-16F7-4668-BE54-9A1E7A4F7556}") = "CustomVisionInteraction", "CustomVisionInteraction\CustomVisionInteraction.csproj", "{D2E7CBA4-D4F7-4158-A5B9-11897E740CBA}"
EndProject
Project("{9A19103F-16F7-4668-BE54-9A1E7A4F7556}") = "CustomVisionInteraction.UnitTests", "CustomVisionInteraction.UnitTests\CustomVisionInteraction.UnitTests.csproj", "{D4856812-ECDE-4D00-8339-C454CB7D789A}"
EndProject
Project("{9A19103F-16F7-4668-BE54-9A1E7A4F7556}") = "DatabaseInteraction", "DatabaseInteraction\DatabaseInteraction.csproj", "{72F2ECAD-C790-4D47-B1DF-038FF8D4BCF0}"
EndProject
Project("{9A19103F-16F7-4668-BE54-9A1E7A4F7556}") = "Domain", "Domain\Domain.csproj", "{B146B65F-75F6-427A-93E4-C7646FAA3A9F}"
EndProject
Project("{9A19103F-16F7-4668-BE54-9A1E7A4F7556}") = "WebInterface.Server", "WebInterface\Server\WebInterface.Server.csproj", "{F57198AE-B129-4229-8EC0-90DDE21C6592}"
EndProject
Project("{9A19103F-16F7-4668-BE54-9A1E7A4F7556}") = "WebInterface.Client", "WebInterface\Client\WebInterface.Client.csproj", "{783AA3A2-3816-4CDD-BC61-5DDE51C02E69}"
EndProject
Project("{9A19103F-16F7-4668-BE54-9A1E7A4F7556}") = "WebInterface.Shared", "WebInterface\Shared\WebInterface.Shared.csproj", "{9DDB72F8-677F-46A1-A220-7097C6B40A94}"
EndProject
Project("{2150E333-8FDC-42A3-9474-1A3956D46DE8}") = "Clients", "Clients", "{04069B47-637A-48DA-9694-A804A0AA47A0}"
EndProject
Project("{2150E333-8FDC-42A3-9474-1A3956D46DE8}") = "Solution Items", "Solution Items", "{2CBA385E-4821-4922-8999-8ECA1053339F}"
	ProjectSection(SolutionItems) = preProject
		.editorconfig = .editorconfig
	EndProjectSection
EndProject
Project("{9A19103F-16F7-4668-BE54-9A1E7A4F7556}") = "Utilities", "Utilities\Utilities.csproj", "{31ED0645-2D29-4FCF-A79A-66324951ECD6}"
EndProject
Project("{9A19103F-16F7-4668-BE54-9A1E7A4F7556}") = "DatabaseInteraction.Interface", "DatabaseInteraction.Interface\DatabaseInteraction.Interface.csproj", "{3CE8FFEA-A28C-40BD-AFDF-7541442FC8DA}"
EndProject
Project("{9A19103F-16F7-4668-BE54-9A1E7A4F7556}") = "Bootstrapper", "Bootstrapper\Bootstrapper.csproj", "{332DA169-BA62-4D9D-835E-A4C929D0FABC}"
EndProject
Project("{9A19103F-16F7-4668-BE54-9A1E7A4F7556}") = "Bootstrapper.Interface", "Bootstrapper.Interface\Bootstrapper.Interface.csproj", "{16DC5E51-024A-4D42-8D18-A0F1A87C52E9}"
EndProject
Project("{9A19103F-16F7-4668-BE54-9A1E7A4F7556}") = "DrugCheckingCrawler.Interface", "DrugCheckingCrawler.Interface\DrugCheckingCrawler.Interface.csproj", "{149ADA9E-7981-46D9-9DA7-1898C7F3A4B8}"
EndProject
Project("{9A19103F-16F7-4668-BE54-9A1E7A4F7556}") = "CustomVisionInteraction.Interface", "CustomVisionInteraction.Interface\CustomVisionInteraction.Interface.csproj", "{7F40690A-4A3F-40CC-9775-A0CAFBA5D4CF}"
EndProject
Project("{9A19103F-16F7-4668-BE54-9A1E7A4F7556}") = "Domain.Interface", "Domain.Interface\Domain.Interface.csproj", "{353EEA58-E3BE-45BB-AC45-180C18BA0FF0}"
EndProject
Project("{9A19103F-16F7-4668-BE54-9A1E7A4F7556}") = "Domain.Mock", "Domain.Mock\Domain.Mock.csproj", "{C7D8C44F-9A51-4B96-B05D-FC905C7271F8}"
EndProject
Project("{FAE04EC0-301F-11D3-BF4B-00C04F79EFBC}") = "MobileInterface.Android", "MobileInterface\MobileInterface.Android\MobileInterface.Android.csproj", "{07BB5B6F-1FD9-49A2-A56C-AE0B93DFE446}"
EndProject
Project("{FAE04EC0-301F-11D3-BF4B-00C04F79EFBC}") = "MobileInterface.iOS", "MobileInterface\MobileInterface.iOS\MobileInterface.iOS.csproj", "{E2773287-C7B6-4B41-B331-820FBF9EA461}"
EndProject
Project("{FAE04EC0-301F-11D3-BF4B-00C04F79EFBC}") = "MobileInterface", "MobileInterface\MobileInterface\MobileInterface.csproj", "{F992AED7-31A9-4911-AEB6-411FEB1C8AE9}"
EndProject
Global
	GlobalSection(SolutionConfigurationPlatforms) = preSolution
		Debug|Any CPU = Debug|Any CPU
		Debug|iPhone = Debug|iPhone
		Debug|iPhoneSimulator = Debug|iPhoneSimulator
		Release|Any CPU = Release|Any CPU
		Release|iPhone = Release|iPhone
		Release|iPhoneSimulator = Release|iPhoneSimulator
	EndGlobalSection
	GlobalSection(ProjectConfigurationPlatforms) = postSolution
		{E06CBB04-9ABD-41CE-8C3B-40BA5CD4AAFE}.Debug|Any CPU.ActiveCfg = Debug|Any CPU
		{E06CBB04-9ABD-41CE-8C3B-40BA5CD4AAFE}.Debug|Any CPU.Build.0 = Debug|Any CPU
		{E06CBB04-9ABD-41CE-8C3B-40BA5CD4AAFE}.Debug|iPhone.ActiveCfg = Debug|Any CPU
		{E06CBB04-9ABD-41CE-8C3B-40BA5CD4AAFE}.Debug|iPhone.Build.0 = Debug|Any CPU
		{E06CBB04-9ABD-41CE-8C3B-40BA5CD4AAFE}.Debug|iPhoneSimulator.ActiveCfg = Debug|Any CPU
		{E06CBB04-9ABD-41CE-8C3B-40BA5CD4AAFE}.Debug|iPhoneSimulator.Build.0 = Debug|Any CPU
		{E06CBB04-9ABD-41CE-8C3B-40BA5CD4AAFE}.Release|Any CPU.ActiveCfg = Release|Any CPU
		{E06CBB04-9ABD-41CE-8C3B-40BA5CD4AAFE}.Release|Any CPU.Build.0 = Release|Any CPU
		{E06CBB04-9ABD-41CE-8C3B-40BA5CD4AAFE}.Release|iPhone.ActiveCfg = Release|Any CPU
		{E06CBB04-9ABD-41CE-8C3B-40BA5CD4AAFE}.Release|iPhone.Build.0 = Release|Any CPU
		{E06CBB04-9ABD-41CE-8C3B-40BA5CD4AAFE}.Release|iPhoneSimulator.ActiveCfg = Release|Any CPU
		{E06CBB04-9ABD-41CE-8C3B-40BA5CD4AAFE}.Release|iPhoneSimulator.Build.0 = Release|Any CPU
		{AF0227A3-E043-4D3F-8CE7-BAB0ED1989B7}.Debug|Any CPU.ActiveCfg = Debug|Any CPU
		{AF0227A3-E043-4D3F-8CE7-BAB0ED1989B7}.Debug|Any CPU.Build.0 = Debug|Any CPU
		{AF0227A3-E043-4D3F-8CE7-BAB0ED1989B7}.Debug|iPhone.ActiveCfg = Debug|Any CPU
		{AF0227A3-E043-4D3F-8CE7-BAB0ED1989B7}.Debug|iPhone.Build.0 = Debug|Any CPU
		{AF0227A3-E043-4D3F-8CE7-BAB0ED1989B7}.Debug|iPhoneSimulator.ActiveCfg = Debug|Any CPU
		{AF0227A3-E043-4D3F-8CE7-BAB0ED1989B7}.Debug|iPhoneSimulator.Build.0 = Debug|Any CPU
		{AF0227A3-E043-4D3F-8CE7-BAB0ED1989B7}.Release|Any CPU.ActiveCfg = Release|Any CPU
		{AF0227A3-E043-4D3F-8CE7-BAB0ED1989B7}.Release|Any CPU.Build.0 = Release|Any CPU
		{AF0227A3-E043-4D3F-8CE7-BAB0ED1989B7}.Release|iPhone.ActiveCfg = Release|Any CPU
		{AF0227A3-E043-4D3F-8CE7-BAB0ED1989B7}.Release|iPhone.Build.0 = Release|Any CPU
		{AF0227A3-E043-4D3F-8CE7-BAB0ED1989B7}.Release|iPhoneSimulator.ActiveCfg = Release|Any CPU
		{AF0227A3-E043-4D3F-8CE7-BAB0ED1989B7}.Release|iPhoneSimulator.Build.0 = Release|Any CPU
		{D2E7CBA4-D4F7-4158-A5B9-11897E740CBA}.Debug|Any CPU.ActiveCfg = Debug|Any CPU
		{D2E7CBA4-D4F7-4158-A5B9-11897E740CBA}.Debug|Any CPU.Build.0 = Debug|Any CPU
		{D2E7CBA4-D4F7-4158-A5B9-11897E740CBA}.Debug|iPhone.ActiveCfg = Debug|Any CPU
		{D2E7CBA4-D4F7-4158-A5B9-11897E740CBA}.Debug|iPhone.Build.0 = Debug|Any CPU
		{D2E7CBA4-D4F7-4158-A5B9-11897E740CBA}.Debug|iPhoneSimulator.ActiveCfg = Debug|Any CPU
		{D2E7CBA4-D4F7-4158-A5B9-11897E740CBA}.Debug|iPhoneSimulator.Build.0 = Debug|Any CPU
		{D2E7CBA4-D4F7-4158-A5B9-11897E740CBA}.Release|Any CPU.ActiveCfg = Release|Any CPU
		{D2E7CBA4-D4F7-4158-A5B9-11897E740CBA}.Release|Any CPU.Build.0 = Release|Any CPU
		{D2E7CBA4-D4F7-4158-A5B9-11897E740CBA}.Release|iPhone.ActiveCfg = Release|Any CPU
		{D2E7CBA4-D4F7-4158-A5B9-11897E740CBA}.Release|iPhone.Build.0 = Release|Any CPU
		{D2E7CBA4-D4F7-4158-A5B9-11897E740CBA}.Release|iPhoneSimulator.ActiveCfg = Release|Any CPU
		{D2E7CBA4-D4F7-4158-A5B9-11897E740CBA}.Release|iPhoneSimulator.Build.0 = Release|Any CPU
		{D4856812-ECDE-4D00-8339-C454CB7D789A}.Debug|Any CPU.ActiveCfg = Debug|Any CPU
		{D4856812-ECDE-4D00-8339-C454CB7D789A}.Debug|Any CPU.Build.0 = Debug|Any CPU
		{D4856812-ECDE-4D00-8339-C454CB7D789A}.Debug|iPhone.ActiveCfg = Debug|Any CPU
		{D4856812-ECDE-4D00-8339-C454CB7D789A}.Debug|iPhone.Build.0 = Debug|Any CPU
		{D4856812-ECDE-4D00-8339-C454CB7D789A}.Debug|iPhoneSimulator.ActiveCfg = Debug|Any CPU
		{D4856812-ECDE-4D00-8339-C454CB7D789A}.Debug|iPhoneSimulator.Build.0 = Debug|Any CPU
		{D4856812-ECDE-4D00-8339-C454CB7D789A}.Release|Any CPU.ActiveCfg = Release|Any CPU
		{D4856812-ECDE-4D00-8339-C454CB7D789A}.Release|Any CPU.Build.0 = Release|Any CPU
		{D4856812-ECDE-4D00-8339-C454CB7D789A}.Release|iPhone.ActiveCfg = Release|Any CPU
		{D4856812-ECDE-4D00-8339-C454CB7D789A}.Release|iPhone.Build.0 = Release|Any CPU
		{D4856812-ECDE-4D00-8339-C454CB7D789A}.Release|iPhoneSimulator.ActiveCfg = Release|Any CPU
		{D4856812-ECDE-4D00-8339-C454CB7D789A}.Release|iPhoneSimulator.Build.0 = Release|Any CPU
		{72F2ECAD-C790-4D47-B1DF-038FF8D4BCF0}.Debug|Any CPU.ActiveCfg = Debug|Any CPU
		{72F2ECAD-C790-4D47-B1DF-038FF8D4BCF0}.Debug|Any CPU.Build.0 = Debug|Any CPU
		{72F2ECAD-C790-4D47-B1DF-038FF8D4BCF0}.Debug|iPhone.ActiveCfg = Debug|Any CPU
		{72F2ECAD-C790-4D47-B1DF-038FF8D4BCF0}.Debug|iPhone.Build.0 = Debug|Any CPU
		{72F2ECAD-C790-4D47-B1DF-038FF8D4BCF0}.Debug|iPhoneSimulator.ActiveCfg = Debug|Any CPU
		{72F2ECAD-C790-4D47-B1DF-038FF8D4BCF0}.Debug|iPhoneSimulator.Build.0 = Debug|Any CPU
		{72F2ECAD-C790-4D47-B1DF-038FF8D4BCF0}.Release|Any CPU.ActiveCfg = Release|Any CPU
		{72F2ECAD-C790-4D47-B1DF-038FF8D4BCF0}.Release|Any CPU.Build.0 = Release|Any CPU
		{72F2ECAD-C790-4D47-B1DF-038FF8D4BCF0}.Release|iPhone.ActiveCfg = Release|Any CPU
		{72F2ECAD-C790-4D47-B1DF-038FF8D4BCF0}.Release|iPhone.Build.0 = Release|Any CPU
		{72F2ECAD-C790-4D47-B1DF-038FF8D4BCF0}.Release|iPhoneSimulator.ActiveCfg = Release|Any CPU
		{72F2ECAD-C790-4D47-B1DF-038FF8D4BCF0}.Release|iPhoneSimulator.Build.0 = Release|Any CPU
		{B146B65F-75F6-427A-93E4-C7646FAA3A9F}.Debug|Any CPU.ActiveCfg = Debug|Any CPU
		{B146B65F-75F6-427A-93E4-C7646FAA3A9F}.Debug|Any CPU.Build.0 = Debug|Any CPU
		{B146B65F-75F6-427A-93E4-C7646FAA3A9F}.Debug|iPhone.ActiveCfg = Debug|Any CPU
		{B146B65F-75F6-427A-93E4-C7646FAA3A9F}.Debug|iPhone.Build.0 = Debug|Any CPU
		{B146B65F-75F6-427A-93E4-C7646FAA3A9F}.Debug|iPhoneSimulator.ActiveCfg = Debug|Any CPU
		{B146B65F-75F6-427A-93E4-C7646FAA3A9F}.Debug|iPhoneSimulator.Build.0 = Debug|Any CPU
		{B146B65F-75F6-427A-93E4-C7646FAA3A9F}.Release|Any CPU.ActiveCfg = Release|Any CPU
		{B146B65F-75F6-427A-93E4-C7646FAA3A9F}.Release|Any CPU.Build.0 = Release|Any CPU
		{B146B65F-75F6-427A-93E4-C7646FAA3A9F}.Release|iPhone.ActiveCfg = Release|Any CPU
		{B146B65F-75F6-427A-93E4-C7646FAA3A9F}.Release|iPhone.Build.0 = Release|Any CPU
		{B146B65F-75F6-427A-93E4-C7646FAA3A9F}.Release|iPhoneSimulator.ActiveCfg = Release|Any CPU
		{B146B65F-75F6-427A-93E4-C7646FAA3A9F}.Release|iPhoneSimulator.Build.0 = Release|Any CPU
		{F57198AE-B129-4229-8EC0-90DDE21C6592}.Debug|Any CPU.ActiveCfg = Debug|Any CPU
		{F57198AE-B129-4229-8EC0-90DDE21C6592}.Debug|Any CPU.Build.0 = Debug|Any CPU
		{F57198AE-B129-4229-8EC0-90DDE21C6592}.Debug|iPhone.ActiveCfg = Debug|Any CPU
		{F57198AE-B129-4229-8EC0-90DDE21C6592}.Debug|iPhone.Build.0 = Debug|Any CPU
		{F57198AE-B129-4229-8EC0-90DDE21C6592}.Debug|iPhoneSimulator.ActiveCfg = Debug|Any CPU
		{F57198AE-B129-4229-8EC0-90DDE21C6592}.Debug|iPhoneSimulator.Build.0 = Debug|Any CPU
		{F57198AE-B129-4229-8EC0-90DDE21C6592}.Release|Any CPU.ActiveCfg = Release|Any CPU
		{F57198AE-B129-4229-8EC0-90DDE21C6592}.Release|Any CPU.Build.0 = Release|Any CPU
		{F57198AE-B129-4229-8EC0-90DDE21C6592}.Release|iPhone.ActiveCfg = Release|Any CPU
		{F57198AE-B129-4229-8EC0-90DDE21C6592}.Release|iPhone.Build.0 = Release|Any CPU
		{F57198AE-B129-4229-8EC0-90DDE21C6592}.Release|iPhoneSimulator.ActiveCfg = Release|Any CPU
		{F57198AE-B129-4229-8EC0-90DDE21C6592}.Release|iPhoneSimulator.Build.0 = Release|Any CPU
		{783AA3A2-3816-4CDD-BC61-5DDE51C02E69}.Debug|Any CPU.ActiveCfg = Debug|Any CPU
		{783AA3A2-3816-4CDD-BC61-5DDE51C02E69}.Debug|Any CPU.Build.0 = Debug|Any CPU
		{783AA3A2-3816-4CDD-BC61-5DDE51C02E69}.Debug|iPhone.ActiveCfg = Debug|Any CPU
		{783AA3A2-3816-4CDD-BC61-5DDE51C02E69}.Debug|iPhone.Build.0 = Debug|Any CPU
		{783AA3A2-3816-4CDD-BC61-5DDE51C02E69}.Debug|iPhoneSimulator.ActiveCfg = Debug|Any CPU
		{783AA3A2-3816-4CDD-BC61-5DDE51C02E69}.Debug|iPhoneSimulator.Build.0 = Debug|Any CPU
		{783AA3A2-3816-4CDD-BC61-5DDE51C02E69}.Release|Any CPU.ActiveCfg = Release|Any CPU
		{783AA3A2-3816-4CDD-BC61-5DDE51C02E69}.Release|Any CPU.Build.0 = Release|Any CPU
		{783AA3A2-3816-4CDD-BC61-5DDE51C02E69}.Release|iPhone.ActiveCfg = Release|Any CPU
		{783AA3A2-3816-4CDD-BC61-5DDE51C02E69}.Release|iPhone.Build.0 = Release|Any CPU
		{783AA3A2-3816-4CDD-BC61-5DDE51C02E69}.Release|iPhoneSimulator.ActiveCfg = Release|Any CPU
		{783AA3A2-3816-4CDD-BC61-5DDE51C02E69}.Release|iPhoneSimulator.Build.0 = Release|Any CPU
		{9DDB72F8-677F-46A1-A220-7097C6B40A94}.Debug|Any CPU.ActiveCfg = Debug|Any CPU
		{9DDB72F8-677F-46A1-A220-7097C6B40A94}.Debug|Any CPU.Build.0 = Debug|Any CPU
		{9DDB72F8-677F-46A1-A220-7097C6B40A94}.Debug|iPhone.ActiveCfg = Debug|Any CPU
		{9DDB72F8-677F-46A1-A220-7097C6B40A94}.Debug|iPhone.Build.0 = Debug|Any CPU
		{9DDB72F8-677F-46A1-A220-7097C6B40A94}.Debug|iPhoneSimulator.ActiveCfg = Debug|Any CPU
		{9DDB72F8-677F-46A1-A220-7097C6B40A94}.Debug|iPhoneSimulator.Build.0 = Debug|Any CPU
		{9DDB72F8-677F-46A1-A220-7097C6B40A94}.Release|Any CPU.ActiveCfg = Release|Any CPU
		{9DDB72F8-677F-46A1-A220-7097C6B40A94}.Release|Any CPU.Build.0 = Release|Any CPU
		{9DDB72F8-677F-46A1-A220-7097C6B40A94}.Release|iPhone.ActiveCfg = Release|Any CPU
		{9DDB72F8-677F-46A1-A220-7097C6B40A94}.Release|iPhone.Build.0 = Release|Any CPU
		{9DDB72F8-677F-46A1-A220-7097C6B40A94}.Release|iPhoneSimulator.ActiveCfg = Release|Any CPU
		{9DDB72F8-677F-46A1-A220-7097C6B40A94}.Release|iPhoneSimulator.Build.0 = Release|Any CPU
		{31ED0645-2D29-4FCF-A79A-66324951ECD6}.Debug|Any CPU.ActiveCfg = Debug|Any CPU
		{31ED0645-2D29-4FCF-A79A-66324951ECD6}.Debug|Any CPU.Build.0 = Debug|Any CPU
		{31ED0645-2D29-4FCF-A79A-66324951ECD6}.Debug|iPhone.ActiveCfg = Debug|Any CPU
		{31ED0645-2D29-4FCF-A79A-66324951ECD6}.Debug|iPhone.Build.0 = Debug|Any CPU
		{31ED0645-2D29-4FCF-A79A-66324951ECD6}.Debug|iPhoneSimulator.ActiveCfg = Debug|Any CPU
		{31ED0645-2D29-4FCF-A79A-66324951ECD6}.Debug|iPhoneSimulator.Build.0 = Debug|Any CPU
		{31ED0645-2D29-4FCF-A79A-66324951ECD6}.Release|Any CPU.ActiveCfg = Release|Any CPU
		{31ED0645-2D29-4FCF-A79A-66324951ECD6}.Release|Any CPU.Build.0 = Release|Any CPU
		{31ED0645-2D29-4FCF-A79A-66324951ECD6}.Release|iPhone.ActiveCfg = Release|Any CPU
		{31ED0645-2D29-4FCF-A79A-66324951ECD6}.Release|iPhone.Build.0 = Release|Any CPU
		{31ED0645-2D29-4FCF-A79A-66324951ECD6}.Release|iPhoneSimulator.ActiveCfg = Release|Any CPU
		{31ED0645-2D29-4FCF-A79A-66324951ECD6}.Release|iPhoneSimulator.Build.0 = Release|Any CPU
		{3CE8FFEA-A28C-40BD-AFDF-7541442FC8DA}.Debug|Any CPU.ActiveCfg = Debug|Any CPU
		{3CE8FFEA-A28C-40BD-AFDF-7541442FC8DA}.Debug|Any CPU.Build.0 = Debug|Any CPU
		{3CE8FFEA-A28C-40BD-AFDF-7541442FC8DA}.Debug|iPhone.ActiveCfg = Debug|Any CPU
		{3CE8FFEA-A28C-40BD-AFDF-7541442FC8DA}.Debug|iPhone.Build.0 = Debug|Any CPU
		{3CE8FFEA-A28C-40BD-AFDF-7541442FC8DA}.Debug|iPhoneSimulator.ActiveCfg = Debug|Any CPU
		{3CE8FFEA-A28C-40BD-AFDF-7541442FC8DA}.Debug|iPhoneSimulator.Build.0 = Debug|Any CPU
		{3CE8FFEA-A28C-40BD-AFDF-7541442FC8DA}.Release|Any CPU.ActiveCfg = Release|Any CPU
		{3CE8FFEA-A28C-40BD-AFDF-7541442FC8DA}.Release|Any CPU.Build.0 = Release|Any CPU
		{3CE8FFEA-A28C-40BD-AFDF-7541442FC8DA}.Release|iPhone.ActiveCfg = Release|Any CPU
		{3CE8FFEA-A28C-40BD-AFDF-7541442FC8DA}.Release|iPhone.Build.0 = Release|Any CPU
		{3CE8FFEA-A28C-40BD-AFDF-7541442FC8DA}.Release|iPhoneSimulator.ActiveCfg = Release|Any CPU
		{3CE8FFEA-A28C-40BD-AFDF-7541442FC8DA}.Release|iPhoneSimulator.Build.0 = Release|Any CPU
		{332DA169-BA62-4D9D-835E-A4C929D0FABC}.Debug|Any CPU.ActiveCfg = Debug|Any CPU
		{332DA169-BA62-4D9D-835E-A4C929D0FABC}.Debug|Any CPU.Build.0 = Debug|Any CPU
		{332DA169-BA62-4D9D-835E-A4C929D0FABC}.Debug|iPhone.ActiveCfg = Debug|Any CPU
		{332DA169-BA62-4D9D-835E-A4C929D0FABC}.Debug|iPhone.Build.0 = Debug|Any CPU
		{332DA169-BA62-4D9D-835E-A4C929D0FABC}.Debug|iPhoneSimulator.ActiveCfg = Debug|Any CPU
		{332DA169-BA62-4D9D-835E-A4C929D0FABC}.Debug|iPhoneSimulator.Build.0 = Debug|Any CPU
		{332DA169-BA62-4D9D-835E-A4C929D0FABC}.Release|Any CPU.ActiveCfg = Release|Any CPU
		{332DA169-BA62-4D9D-835E-A4C929D0FABC}.Release|Any CPU.Build.0 = Release|Any CPU
		{332DA169-BA62-4D9D-835E-A4C929D0FABC}.Release|iPhone.ActiveCfg = Release|Any CPU
		{332DA169-BA62-4D9D-835E-A4C929D0FABC}.Release|iPhone.Build.0 = Release|Any CPU
		{332DA169-BA62-4D9D-835E-A4C929D0FABC}.Release|iPhoneSimulator.ActiveCfg = Release|Any CPU
		{332DA169-BA62-4D9D-835E-A4C929D0FABC}.Release|iPhoneSimulator.Build.0 = Release|Any CPU
		{16DC5E51-024A-4D42-8D18-A0F1A87C52E9}.Debug|Any CPU.ActiveCfg = Debug|Any CPU
		{16DC5E51-024A-4D42-8D18-A0F1A87C52E9}.Debug|Any CPU.Build.0 = Debug|Any CPU
		{16DC5E51-024A-4D42-8D18-A0F1A87C52E9}.Debug|iPhone.ActiveCfg = Debug|Any CPU
		{16DC5E51-024A-4D42-8D18-A0F1A87C52E9}.Debug|iPhone.Build.0 = Debug|Any CPU
		{16DC5E51-024A-4D42-8D18-A0F1A87C52E9}.Debug|iPhoneSimulator.ActiveCfg = Debug|Any CPU
		{16DC5E51-024A-4D42-8D18-A0F1A87C52E9}.Debug|iPhoneSimulator.Build.0 = Debug|Any CPU
		{16DC5E51-024A-4D42-8D18-A0F1A87C52E9}.Release|Any CPU.ActiveCfg = Release|Any CPU
		{16DC5E51-024A-4D42-8D18-A0F1A87C52E9}.Release|Any CPU.Build.0 = Release|Any CPU
		{16DC5E51-024A-4D42-8D18-A0F1A87C52E9}.Release|iPhone.ActiveCfg = Release|Any CPU
		{16DC5E51-024A-4D42-8D18-A0F1A87C52E9}.Release|iPhone.Build.0 = Release|Any CPU
		{16DC5E51-024A-4D42-8D18-A0F1A87C52E9}.Release|iPhoneSimulator.ActiveCfg = Release|Any CPU
		{16DC5E51-024A-4D42-8D18-A0F1A87C52E9}.Release|iPhoneSimulator.Build.0 = Release|Any CPU
		{149ADA9E-7981-46D9-9DA7-1898C7F3A4B8}.Debug|Any CPU.ActiveCfg = Debug|Any CPU
		{149ADA9E-7981-46D9-9DA7-1898C7F3A4B8}.Debug|Any CPU.Build.0 = Debug|Any CPU
		{149ADA9E-7981-46D9-9DA7-1898C7F3A4B8}.Debug|iPhone.ActiveCfg = Debug|Any CPU
		{149ADA9E-7981-46D9-9DA7-1898C7F3A4B8}.Debug|iPhone.Build.0 = Debug|Any CPU
		{149ADA9E-7981-46D9-9DA7-1898C7F3A4B8}.Debug|iPhoneSimulator.ActiveCfg = Debug|Any CPU
		{149ADA9E-7981-46D9-9DA7-1898C7F3A4B8}.Debug|iPhoneSimulator.Build.0 = Debug|Any CPU
		{149ADA9E-7981-46D9-9DA7-1898C7F3A4B8}.Release|Any CPU.ActiveCfg = Release|Any CPU
		{149ADA9E-7981-46D9-9DA7-1898C7F3A4B8}.Release|Any CPU.Build.0 = Release|Any CPU
		{149ADA9E-7981-46D9-9DA7-1898C7F3A4B8}.Release|iPhone.ActiveCfg = Release|Any CPU
		{149ADA9E-7981-46D9-9DA7-1898C7F3A4B8}.Release|iPhone.Build.0 = Release|Any CPU
		{149ADA9E-7981-46D9-9DA7-1898C7F3A4B8}.Release|iPhoneSimulator.ActiveCfg = Release|Any CPU
		{149ADA9E-7981-46D9-9DA7-1898C7F3A4B8}.Release|iPhoneSimulator.Build.0 = Release|Any CPU
		{7F40690A-4A3F-40CC-9775-A0CAFBA5D4CF}.Debug|Any CPU.ActiveCfg = Debug|Any CPU
		{7F40690A-4A3F-40CC-9775-A0CAFBA5D4CF}.Debug|Any CPU.Build.0 = Debug|Any CPU
		{7F40690A-4A3F-40CC-9775-A0CAFBA5D4CF}.Debug|iPhone.ActiveCfg = Debug|Any CPU
		{7F40690A-4A3F-40CC-9775-A0CAFBA5D4CF}.Debug|iPhone.Build.0 = Debug|Any CPU
		{7F40690A-4A3F-40CC-9775-A0CAFBA5D4CF}.Debug|iPhoneSimulator.ActiveCfg = Debug|Any CPU
		{7F40690A-4A3F-40CC-9775-A0CAFBA5D4CF}.Debug|iPhoneSimulator.Build.0 = Debug|Any CPU
		{7F40690A-4A3F-40CC-9775-A0CAFBA5D4CF}.Release|Any CPU.ActiveCfg = Release|Any CPU
		{7F40690A-4A3F-40CC-9775-A0CAFBA5D4CF}.Release|Any CPU.Build.0 = Release|Any CPU
		{7F40690A-4A3F-40CC-9775-A0CAFBA5D4CF}.Release|iPhone.ActiveCfg = Release|Any CPU
		{7F40690A-4A3F-40CC-9775-A0CAFBA5D4CF}.Release|iPhone.Build.0 = Release|Any CPU
		{7F40690A-4A3F-40CC-9775-A0CAFBA5D4CF}.Release|iPhoneSimulator.ActiveCfg = Release|Any CPU
		{7F40690A-4A3F-40CC-9775-A0CAFBA5D4CF}.Release|iPhoneSimulator.Build.0 = Release|Any CPU
		{353EEA58-E3BE-45BB-AC45-180C18BA0FF0}.Debug|Any CPU.ActiveCfg = Debug|Any CPU
		{353EEA58-E3BE-45BB-AC45-180C18BA0FF0}.Debug|Any CPU.Build.0 = Debug|Any CPU
		{353EEA58-E3BE-45BB-AC45-180C18BA0FF0}.Debug|iPhone.ActiveCfg = Debug|Any CPU
		{353EEA58-E3BE-45BB-AC45-180C18BA0FF0}.Debug|iPhone.Build.0 = Debug|Any CPU
		{353EEA58-E3BE-45BB-AC45-180C18BA0FF0}.Debug|iPhoneSimulator.ActiveCfg = Debug|Any CPU
		{353EEA58-E3BE-45BB-AC45-180C18BA0FF0}.Debug|iPhoneSimulator.Build.0 = Debug|Any CPU
		{353EEA58-E3BE-45BB-AC45-180C18BA0FF0}.Release|Any CPU.ActiveCfg = Release|Any CPU
		{353EEA58-E3BE-45BB-AC45-180C18BA0FF0}.Release|Any CPU.Build.0 = Release|Any CPU
		{353EEA58-E3BE-45BB-AC45-180C18BA0FF0}.Release|iPhone.ActiveCfg = Release|Any CPU
		{353EEA58-E3BE-45BB-AC45-180C18BA0FF0}.Release|iPhone.Build.0 = Release|Any CPU
		{353EEA58-E3BE-45BB-AC45-180C18BA0FF0}.Release|iPhoneSimulator.ActiveCfg = Release|Any CPU
		{353EEA58-E3BE-45BB-AC45-180C18BA0FF0}.Release|iPhoneSimulator.Build.0 = Release|Any CPU
		{C7D8C44F-9A51-4B96-B05D-FC905C7271F8}.Debug|Any CPU.ActiveCfg = Debug|Any CPU
		{C7D8C44F-9A51-4B96-B05D-FC905C7271F8}.Debug|Any CPU.Build.0 = Debug|Any CPU
		{C7D8C44F-9A51-4B96-B05D-FC905C7271F8}.Debug|iPhone.ActiveCfg = Debug|Any CPU
		{C7D8C44F-9A51-4B96-B05D-FC905C7271F8}.Debug|iPhone.Build.0 = Debug|Any CPU
		{C7D8C44F-9A51-4B96-B05D-FC905C7271F8}.Debug|iPhoneSimulator.ActiveCfg = Debug|Any CPU
		{C7D8C44F-9A51-4B96-B05D-FC905C7271F8}.Debug|iPhoneSimulator.Build.0 = Debug|Any CPU
		{C7D8C44F-9A51-4B96-B05D-FC905C7271F8}.Release|Any CPU.ActiveCfg = Release|Any CPU
		{C7D8C44F-9A51-4B96-B05D-FC905C7271F8}.Release|Any CPU.Build.0 = Release|Any CPU
		{C7D8C44F-9A51-4B96-B05D-FC905C7271F8}.Release|iPhone.ActiveCfg = Release|Any CPU
		{C7D8C44F-9A51-4B96-B05D-FC905C7271F8}.Release|iPhone.Build.0 = Release|Any CPU
		{C7D8C44F-9A51-4B96-B05D-FC905C7271F8}.Release|iPhoneSimulator.ActiveCfg = Release|Any CPU
		{C7D8C44F-9A51-4B96-B05D-FC905C7271F8}.Release|iPhoneSimulator.Build.0 = Release|Any CPU
		{07BB5B6F-1FD9-49A2-A56C-AE0B93DFE446}.Debug|Any CPU.ActiveCfg = Debug|Any CPU
		{07BB5B6F-1FD9-49A2-A56C-AE0B93DFE446}.Debug|Any CPU.Build.0 = Debug|Any CPU
		{07BB5B6F-1FD9-49A2-A56C-AE0B93DFE446}.Debug|Any CPU.Deploy.0 = Debug|Any CPU
		{07BB5B6F-1FD9-49A2-A56C-AE0B93DFE446}.Debug|iPhone.ActiveCfg = Debug|Any CPU
		{07BB5B6F-1FD9-49A2-A56C-AE0B93DFE446}.Debug|iPhone.Build.0 = Debug|Any CPU
		{07BB5B6F-1FD9-49A2-A56C-AE0B93DFE446}.Debug|iPhone.Deploy.0 = Debug|Any CPU
		{07BB5B6F-1FD9-49A2-A56C-AE0B93DFE446}.Debug|iPhoneSimulator.ActiveCfg = Debug|Any CPU
		{07BB5B6F-1FD9-49A2-A56C-AE0B93DFE446}.Debug|iPhoneSimulator.Build.0 = Debug|Any CPU
		{07BB5B6F-1FD9-49A2-A56C-AE0B93DFE446}.Debug|iPhoneSimulator.Deploy.0 = Debug|Any CPU
		{07BB5B6F-1FD9-49A2-A56C-AE0B93DFE446}.Release|Any CPU.ActiveCfg = Release|Any CPU
		{07BB5B6F-1FD9-49A2-A56C-AE0B93DFE446}.Release|Any CPU.Build.0 = Release|Any CPU
		{07BB5B6F-1FD9-49A2-A56C-AE0B93DFE446}.Release|Any CPU.Deploy.0 = Release|Any CPU
		{07BB5B6F-1FD9-49A2-A56C-AE0B93DFE446}.Release|iPhone.ActiveCfg = Release|Any CPU
		{07BB5B6F-1FD9-49A2-A56C-AE0B93DFE446}.Release|iPhone.Build.0 = Release|Any CPU
		{07BB5B6F-1FD9-49A2-A56C-AE0B93DFE446}.Release|iPhone.Deploy.0 = Release|Any CPU
		{07BB5B6F-1FD9-49A2-A56C-AE0B93DFE446}.Release|iPhoneSimulator.ActiveCfg = Release|Any CPU
		{07BB5B6F-1FD9-49A2-A56C-AE0B93DFE446}.Release|iPhoneSimulator.Build.0 = Release|Any CPU
		{07BB5B6F-1FD9-49A2-A56C-AE0B93DFE446}.Release|iPhoneSimulator.Deploy.0 = Release|Any CPU
		{E2773287-C7B6-4B41-B331-820FBF9EA461}.Debug|Any CPU.ActiveCfg = Debug|iPhone
		{E2773287-C7B6-4B41-B331-820FBF9EA461}.Debug|iPhone.ActiveCfg = Debug|iPhone
		{E2773287-C7B6-4B41-B331-820FBF9EA461}.Debug|iPhone.Build.0 = Debug|iPhone
		{E2773287-C7B6-4B41-B331-820FBF9EA461}.Debug|iPhoneSimulator.ActiveCfg = Debug|iPhoneSimulator
		{E2773287-C7B6-4B41-B331-820FBF9EA461}.Debug|iPhoneSimulator.Build.0 = Debug|iPhoneSimulator
		{E2773287-C7B6-4B41-B331-820FBF9EA461}.Release|Any CPU.ActiveCfg = Release|iPhone
		{E2773287-C7B6-4B41-B331-820FBF9EA461}.Release|iPhone.ActiveCfg = Release|iPhone
		{E2773287-C7B6-4B41-B331-820FBF9EA461}.Release|iPhone.Build.0 = Release|iPhone
		{E2773287-C7B6-4B41-B331-820FBF9EA461}.Release|iPhoneSimulator.ActiveCfg = Release|iPhoneSimulator
		{E2773287-C7B6-4B41-B331-820FBF9EA461}.Release|iPhoneSimulator.Build.0 = Release|iPhoneSimulator
		{F992AED7-31A9-4911-AEB6-411FEB1C8AE9}.Debug|Any CPU.ActiveCfg = Debug|Any CPU
		{F992AED7-31A9-4911-AEB6-411FEB1C8AE9}.Debug|Any CPU.Build.0 = Debug|Any CPU
		{F992AED7-31A9-4911-AEB6-411FEB1C8AE9}.Debug|iPhone.ActiveCfg = Debug|Any CPU
		{F992AED7-31A9-4911-AEB6-411FEB1C8AE9}.Debug|iPhone.Build.0 = Debug|Any CPU
		{F992AED7-31A9-4911-AEB6-411FEB1C8AE9}.Debug|iPhoneSimulator.ActiveCfg = Debug|Any CPU
		{F992AED7-31A9-4911-AEB6-411FEB1C8AE9}.Debug|iPhoneSimulator.Build.0 = Debug|Any CPU
		{F992AED7-31A9-4911-AEB6-411FEB1C8AE9}.Release|Any CPU.ActiveCfg = Release|Any CPU
		{F992AED7-31A9-4911-AEB6-411FEB1C8AE9}.Release|Any CPU.Build.0 = Release|Any CPU
		{F992AED7-31A9-4911-AEB6-411FEB1C8AE9}.Release|iPhone.ActiveCfg = Release|Any CPU
		{F992AED7-31A9-4911-AEB6-411FEB1C8AE9}.Release|iPhone.Build.0 = Release|Any CPU
		{F992AED7-31A9-4911-AEB6-411FEB1C8AE9}.Release|iPhoneSimulator.ActiveCfg = Release|Any CPU
		{F992AED7-31A9-4911-AEB6-411FEB1C8AE9}.Release|iPhoneSimulator.Build.0 = Release|Any CPU
	EndGlobalSection
	GlobalSection(SolutionProperties) = preSolution
		HideSolutionNode = FALSE
	EndGlobalSection
	GlobalSection(NestedProjects) = preSolution
		{F57198AE-B129-4229-8EC0-90DDE21C6592} = {04069B47-637A-48DA-9694-A804A0AA47A0}
		{783AA3A2-3816-4CDD-BC61-5DDE51C02E69} = {04069B47-637A-48DA-9694-A804A0AA47A0}
		{9DDB72F8-677F-46A1-A220-7097C6B40A94} = {04069B47-637A-48DA-9694-A804A0AA47A0}
		{07BB5B6F-1FD9-49A2-A56C-AE0B93DFE446} = {04069B47-637A-48DA-9694-A804A0AA47A0}
		{E2773287-C7B6-4B41-B331-820FBF9EA461} = {04069B47-637A-48DA-9694-A804A0AA47A0}
		{F992AED7-31A9-4911-AEB6-411FEB1C8AE9} = {04069B47-637A-48DA-9694-A804A0AA47A0}
	EndGlobalSection
	GlobalSection(ExtensibilityGlobals) = postSolution
		SolutionGuid = {F9C7C28B-A86D-40DE-8AA2-2DB67CFAFA3A}
	EndGlobalSection
EndGlobal
